
Microsoft Visual Studio Solution File, Format Version 12.00
# Visual Studio Version 17
VisualStudioVersion = 17.7.34024.191
MinimumVisualStudioVersion = 10.0.40219.1
Project("{8BC9CEB8-8B4A-11D0-8D11-00A0C91BC942}") = "test_231109", "test_231109\test_231109.vcxproj", "{78E922C2-C0C8-48A8-814A-BAFD58501CEC}"
EndProject
Global
	GlobalSection(SolutionConfigurationPlatforms) = preSolution
		Debug|x64 = Debug|x64
		Debug|x86 = Debug|x86
		Release|x64 = Release|x64
		Release|x86 = Release|x86
	EndGlobalSection
	GlobalSection(ProjectConfigurationPlatforms) = postSolution
		{78E922C2-C0C8-48A8-814A-BAFD58501CEC}.Debug|x64.ActiveCfg = Debug|x64
		{78E922C2-C0C8-48A8-814A-BAFD58501CEC}.Debug|x64.Build.0 = Debug|x64
		{78E922C2-C0C8-48A8-814A-BAFD58501CEC}.Debug|x86.ActiveCfg = Debug|Win32
		{78E922C2-C0C8-48A8-814A-BAFD58501CEC}.Debug|x86.Build.0 = Debug|Win32
		{78E922C2-C0C8-48A8-814A-BAFD58501CEC}.Release|x64.ActiveCfg = Release|x64
		{78E922C2-C0C8-48A8-814A-BAFD58501CEC}.Release|x64.Build.0 = Release|x64
		{78E922C2-C0C8-48A8-814A-BAFD58501CEC}.Release|x86.ActiveCfg = Release|Win32
		{78E922C2-C0C8-48A8-814A-BAFD58501CEC}.Release|x86.Build.0 = Release|Win32
	EndGlobalSection
	GlobalSection(SolutionProperties) = preSolution
		HideSolutionNode = FALSE
	EndGlobalSection
	GlobalSection(ExtensibilityGlobals) = postSolution
		SolutionGuid = {7C6ECAD9-D0BC-4528-B655-400D3A35F20B}
	EndGlobalSection
EndGlobal
